
Microsoft Visual Studio Solution File, Format Version 12.00
# Visual Studio Version 16
VisualStudioVersion = 16.0.31702.278
MinimumVisualStudioVersion = 10.0.40219.1
Project("{9092AA53-FB77-4645-B42D-1CCCA6BD08BD}") = "webhotels", "webhotels.njsproj", "{71536FD0-E4EB-46FC-9311-8CEC31E05815}"
EndProject
Global
	GlobalSection(SolutionConfigurationPlatforms) = preSolution
		Debug|Any CPU = Debug|Any CPU
		Release|Any CPU = Release|Any CPU
	EndGlobalSection
	GlobalSection(ProjectConfigurationPlatforms) = postSolution
		{71536FD0-E4EB-46FC-9311-8CEC31E05815}.Debug|Any CPU.ActiveCfg = Debug|Any CPU
		{71536FD0-E4EB-46FC-9311-8CEC31E05815}.Debug|Any CPU.Build.0 = Debug|Any CPU
		{71536FD0-E4EB-46FC-9311-8CEC31E05815}.Release|Any CPU.ActiveCfg = Release|Any CPU
		{71536FD0-E4EB-46FC-9311-8CEC31E05815}.Release|Any CPU.Build.0 = Release|Any CPU
	EndGlobalSection
	GlobalSection(SolutionProperties) = preSolution
		HideSolutionNode = FALSE
	EndGlobalSection
	GlobalSection(ExtensibilityGlobals) = postSolution
		SolutionGuid = {01E2BE1C-3836-467F-A66F-38F63533EC9A}
	EndGlobalSection
EndGlobal
